
Microsoft Visual Studio Solution File, Format Version 12.00
# Visual Studio 15
VisualStudioVersion = 15.0.27004.2009
MinimumVisualStudioVersion = 10.0.40219.1
Project("{FAE04EC0-301F-11D3-BF4B-00C04F79EFBC}") = "HackfestTest", "HackfestTest\HackfestTest.csproj", "{8C2E7DA8-FAB8-4FC5-BD68-5F961F7EDAB6}"
EndProject
Project("{E53339B2-1760-4266-BCC7-CA923CBCF16C}") = "docker-compose", "docker-compose.dcproj", "{BB495629-E214-4660-8647-6E684C28EF20}"
EndProject
Global
	GlobalSection(SolutionConfigurationPlatforms) = preSolution
		Debug|Any CPU = Debug|Any CPU
		Release|Any CPU = Release|Any CPU
	EndGlobalSection
	GlobalSection(ProjectConfigurationPlatforms) = postSolution
		{8C2E7DA8-FAB8-4FC5-BD68-5F961F7EDAB6}.Debug|Any CPU.ActiveCfg = Debug|Any CPU
		{8C2E7DA8-FAB8-4FC5-BD68-5F961F7EDAB6}.Debug|Any CPU.Build.0 = Debug|Any CPU
		{8C2E7DA8-FAB8-4FC5-BD68-5F961F7EDAB6}.Release|Any CPU.ActiveCfg = Release|Any CPU
		{8C2E7DA8-FAB8-4FC5-BD68-5F961F7EDAB6}.Release|Any CPU.Build.0 = Release|Any CPU
		{BB495629-E214-4660-8647-6E684C28EF20}.Debug|Any CPU.ActiveCfg = Debug|Any CPU
		{BB495629-E214-4660-8647-6E684C28EF20}.Debug|Any CPU.Build.0 = Debug|Any CPU
		{BB495629-E214-4660-8647-6E684C28EF20}.Release|Any CPU.ActiveCfg = Release|Any CPU
		{BB495629-E214-4660-8647-6E684C28EF20}.Release|Any CPU.Build.0 = Release|Any CPU
	EndGlobalSection
	GlobalSection(SolutionProperties) = preSolution
		HideSolutionNode = FALSE
	EndGlobalSection
	GlobalSection(ExtensibilityGlobals) = postSolution
		SolutionGuid = {097315A8-CD73-4023-A4E7-6074F2466EEA}
	EndGlobalSection
EndGlobal
